// !$*UTF8*$!
{
	archiveVersion = 1;
	classes = {
	};
	objectVersion = 50;
	objects = {

/* Begin PBXBuildFile section */
		3F598CE925DD807900AFDEDD /* Programming_JokesApp.swift in Sources */ = {isa = PBXBuildFile; fileRef = 3F598CE825DD807900AFDEDD /* Programming_JokesApp.swift */; };
		3F598CEB25DD807900AFDEDD /* ContentView.swift in Sources */ = {isa = PBXBuildFile; fileRef = 3F598CEA25DD807900AFDEDD /* ContentView.swift */; };
		3F598CED25DD808000AFDEDD /* Assets.xcassets in Resources */ = {isa = PBXBuildFile; fileRef = 3F598CEC25DD808000AFDEDD /* Assets.xcassets */; };
		3F598CF025DD808000AFDEDD /* Preview Assets.xcassets in Resources */ = {isa = PBXBuildFile; fileRef = 3F598CEF25DD808000AFDEDD /* Preview Assets.xcassets */; };
		3F598CFB25DD808200AFDEDD /* Programming_JokesTests.swift in Sources */ = {isa = PBXBuildFile; fileRef = 3F598CFA25DD808200AFDEDD /* Programming_JokesTests.swift */; };
		3F598D0625DD808200AFDEDD /* Programming_JokesUITests.swift in Sources */ = {isa = PBXBuildFile; fileRef = 3F598D0525DD808200AFDEDD /* Programming_JokesUITests.swift */; };
/* End PBXBuildFile section */

/* Begin PBXContainerItemProxy section */
		3F598CF725DD808200AFDEDD /* PBXContainerItemProxy */ = {
			isa = PBXContainerItemProxy;
			containerPortal = 3F598CDD25DD807900AFDEDD /* Project object */;
			proxyType = 1;
			remoteGlobalIDString = 3F598CE425DD807900AFDEDD;
			remoteInfo = "Programming Jokes";
		};
		3F598D0225DD808200AFDEDD /* PBXContainerItemProxy */ = {
			isa = PBXContainerItemProxy;
			containerPortal = 3F598CDD25DD807900AFDEDD /* Project object */;
			proxyType = 1;
			remoteGlobalIDString = 3F598CE425DD807900AFDEDD;
			remoteInfo = "Programming Jokes";
		};
/* End PBXContainerItemProxy section */

/* Begin PBXFileReference section */
		3F598CE525DD807900AFDEDD /* Programming Jokes.app */ = {isa = PBXFileReference; explicitFileType = wrapper.application; includeInIndex = 0; path = "Programming Jokes.app"; sourceTree = BUILT_PRODUCTS_DIR; };
		3F598CE825DD807900AFDEDD /* Programming_JokesApp.swift */ = {isa = PBXFileReference; lastKnownFileType = sourcecode.swift; path = Programming_JokesApp.swift; sourceTree = "<group>"; };
		3F598CEA25DD807900AFDEDD /* ContentView.swift */ = {isa = PBXFileReference; lastKnownFileType = sourcecode.swift; path = ContentView.swift; sourceTree = "<group>"; };
		3F598CEC25DD808000AFDEDD /* Assets.xcassets */ = {isa = PBXFileReference; lastKnownFileType = folder.assetcatalog; path = Assets.xcassets; sourceTree = "<group>"; };
		3F598CEF25DD808000AFDEDD /* Preview Assets.xcassets */ = {isa = PBXFileReference; lastKnownFileType = folder.assetcatalog; path = "Preview Assets.xcassets"; sourceTree = "<group>"; };
		3F598CF125DD808000AFDEDD /* Info.plist */ = {isa = PBXFileReference; lastKnownFileType = text.plist.xml; path = Info.plist; sourceTree = "<group>"; };
		3F598CF625DD808200AFDEDD /* Programming JokesTests.xctest */ = {isa = PBXFileReference; explicitFileType = wrapper.cfbundle; includeInIndex = 0; path = "Programming JokesTests.xctest"; sourceTree = BUILT_PRODUCTS_DIR; };
		3F598CFA25DD808200AFDEDD /* Programming_JokesTests.swift */ = {isa = PBXFileReference; lastKnownFileType = sourcecode.swift; path = Programming_JokesTests.swift; sourceTree = "<group>"; };
		3F598CFC25DD808200AFDEDD /* Info.plist */ = {isa = PBXFileReference; lastKnownFileType = text.plist.xml; path = Info.plist; sourceTree = "<group>"; };
		3F598D0125DD808200AFDEDD /* Programming JokesUITests.xctest */ = {isa = PBXFileReference; explicitFileType = wrapper.cfbundle; includeInIndex = 0; path = "Programming JokesUITests.xctest"; sourceTree = BUILT_PRODUCTS_DIR; };
		3F598D0525DD808200AFDEDD /* Programming_JokesUITests.swift */ = {isa = PBXFileReference; lastKnownFileType = sourcecode.swift; path = Programming_JokesUITests.swift; sourceTree = "<group>"; };
		3F598D0725DD808200AFDEDD /* Info.plist */ = {isa = PBXFileReference; lastKnownFileType = text.plist.xml; path = Info.plist; sourceTree = "<group>"; };
/* End PBXFileReference section */

/* Begin PBXFrameworksBuildPhase section */
		3F598CE225DD807900AFDEDD /* Frameworks */ = {
			isa = PBXFrameworksBuildPhase;
			buildActionMask = 2147483647;
			files = (
			);
			runOnlyForDeploymentPostprocessing = 0;
		};
		3F598CF325DD808200AFDEDD /* Frameworks */ = {
			isa = PBXFrameworksBuildPhase;
			buildActionMask = 2147483647;
			files = (
			);
			runOnlyForDeploymentPostprocessing = 0;
		};
		3F598CFE25DD808200AFDEDD /* Frameworks */ = {
			isa = PBXFrameworksBuildPhase;
			buildActionMask = 2147483647;
			files = (
			);
			runOnlyForDeploymentPostprocessing = 0;
		};
/* End PBXFrameworksBuildPhase section */

/* Begin PBXGroup section */
		3F598CDC25DD807900AFDEDD = {
			isa = PBXGroup;
			children = (
				3F598CE725DD807900AFDEDD /* Programming Jokes */,
				3F598CF925DD808200AFDEDD /* Programming JokesTests */,
				3F598D0425DD808200AFDEDD /* Programming JokesUITests */,
				3F598CE625DD807900AFDEDD /* Products */,
			);
			sourceTree = "<group>";
		};
		3F598CE625DD807900AFDEDD /* Products */ = {
			isa = PBXGroup;
			children = (
				3F598CE525DD807900AFDEDD /* Programming Jokes.app */,
				3F598CF625DD808200AFDEDD /* Programming JokesTests.xctest */,
				3F598D0125DD808200AFDEDD /* Programming JokesUITests.xctest */,
			);
			name = Products;
			sourceTree = "<group>";
		};
		3F598CE725DD807900AFDEDD /* Programming Jokes */ = {
			isa = PBXGroup;
			children = (
				3F598CE825DD807900AFDEDD /* Programming_JokesApp.swift */,
				3F598CEA25DD807900AFDEDD /* ContentView.swift */,
				3F598CEC25DD808000AFDEDD /* Assets.xcassets */,
				3F598CF125DD808000AFDEDD /* Info.plist */,
				3F598CEE25DD808000AFDEDD /* Preview Content */,
			);
			path = "Programming Jokes";
			sourceTree = "<group>";
		};
		3F598CEE25DD808000AFDEDD /* Preview Content */ = {
			isa = PBXGroup;
			children = (
				3F598CEF25DD808000AFDEDD /* Preview Assets.xcassets */,
			);
			path = "Preview Content";
			sourceTree = "<group>";
		};
		3F598CF925DD808200AFDEDD /* Programming JokesTests */ = {
			isa = PBXGroup;
			children = (
				3F598CFA25DD808200AFDEDD /* Programming_JokesTests.swift */,
				3F598CFC25DD808200AFDEDD /* Info.plist */,
			);
			path = "Programming JokesTests";
			sourceTree = "<group>";
		};
		3F598D0425DD808200AFDEDD /* Programming JokesUITests */ = {
			isa = PBXGroup;
			children = (
				3F598D0525DD808200AFDEDD /* Programming_JokesUITests.swift */,
				3F598D0725DD808200AFDEDD /* Info.plist */,
			);
			path = "Programming JokesUITests";
			sourceTree = "<group>";
		};
/* End PBXGroup section */

/* Begin PBXNativeTarget section */
		3F598CE425DD807900AFDEDD /* Programming Jokes */ = {
			isa = PBXNativeTarget;
			buildConfigurationList = 3F598D0A25DD808200AFDEDD /* Build configuration list for PBXNativeTarget "Programming Jokes" */;
			buildPhases = (
				3F598CE125DD807900AFDEDD /* Sources */,
				3F598CE225DD807900AFDEDD /* Frameworks */,
				3F598CE325DD807900AFDEDD /* Resources */,
			);
			buildRules = (
			);
			dependencies = (
			);
			name = "Programming Jokes";
			productName = "Programming Jokes";
			productReference = 3F598CE525DD807900AFDEDD /* Programming Jokes.app */;
			productType = "com.apple.product-type.application";
		};
		3F598CF525DD808200AFDEDD /* Programming JokesTests */ = {
			isa = PBXNativeTarget;
			buildConfigurationList = 3F598D0D25DD808200AFDEDD /* Build configuration list for PBXNativeTarget "Programming JokesTests" */;
			buildPhases = (
				3F598CF225DD808200AFDEDD /* Sources */,
				3F598CF325DD808200AFDEDD /* Frameworks */,
				3F598CF425DD808200AFDEDD /* Resources */,
			);
			buildRules = (
			);
			dependencies = (
				3F598CF825DD808200AFDEDD /* PBXTargetDependency */,
			);
			name = "Programming JokesTests";
			productName = "Programming JokesTests";
			productReference = 3F598CF625DD808200AFDEDD /* Programming JokesTests.xctest */;
			productType = "com.apple.product-type.bundle.unit-test";
		};
		3F598D0025DD808200AFDEDD /* Programming JokesUITests */ = {
			isa = PBXNativeTarget;
			buildConfigurationList = 3F598D1025DD808200AFDEDD /* Build configuration list for PBXNativeTarget "Programming JokesUITests" */;
			buildPhases = (
				3F598CFD25DD808200AFDEDD /* Sources */,
				3F598CFE25DD808200AFDEDD /* Frameworks */,
				3F598CFF25DD808200AFDEDD /* Resources */,
			);
			buildRules = (
			);
			dependencies = (
				3F598D0325DD808200AFDEDD /* PBXTargetDependency */,
			);
			name = "Programming JokesUITests";
			productName = "Programming JokesUITests";
			productReference = 3F598D0125DD808200AFDEDD /* Programming JokesUITests.xctest */;
			productType = "com.apple.product-type.bundle.ui-testing";
		};
/* End PBXNativeTarget section */

/* Begin PBXProject section */
		3F598CDD25DD807900AFDEDD /* Project object */ = {
			isa = PBXProject;
			attributes = {
				LastSwiftUpdateCheck = 1230;
				LastUpgradeCheck = 1230;
				TargetAttributes = {
					3F598CE425DD807900AFDEDD = {
						CreatedOnToolsVersion = 12.3;
					};
					3F598CF525DD808200AFDEDD = {
						CreatedOnToolsVersion = 12.3;
						TestTargetID = 3F598CE425DD807900AFDEDD;
					};
					3F598D0025DD808200AFDEDD = {
						CreatedOnToolsVersion = 12.3;
						TestTargetID = 3F598CE425DD807900AFDEDD;
					};
				};
			};
			buildConfigurationList = 3F598CE025DD807900AFDEDD /* Build configuration list for PBXProject "Programming Jokes" */;
			compatibilityVersion = "Xcode 9.3";
			developmentRegion = en;
			hasScannedForEncodings = 0;
			knownRegions = (
				en,
				Base,
			);
			mainGroup = 3F598CDC25DD807900AFDEDD;
			productRefGroup = 3F598CE625DD807900AFDEDD /* Products */;
			projectDirPath = "";
			projectRoot = "";
			targets = (
				3F598CE425DD807900AFDEDD /* Programming Jokes */,
				3F598CF525DD808200AFDEDD /* Programming JokesTests */,
				3F598D0025DD808200AFDEDD /* Programming JokesUITests */,
			);
		};
/* End PBXProject section */

/* Begin PBXResourcesBuildPhase section */
		3F598CE325DD807900AFDEDD /* Resources */ = {
			isa = PBXResourcesBuildPhase;
			buildActionMask = 2147483647;
			files = (
				3F598CF025DD808000AFDEDD /* Preview Assets.xcassets in Resources */,
				3F598CED25DD808000AFDEDD /* Assets.xcassets in Resources */,
			);
			runOnlyForDeploymentPostprocessing = 0;
		};
		3F598CF425DD808200AFDEDD /* Resources */ = {
			isa = PBXResourcesBuildPhase;
			buildActionMask = 2147483647;
			files = (
			);
			runOnlyForDeploymentPostprocessing = 0;
		};
		3F598CFF25DD808200AFDEDD /* Resources */ = {
			isa = PBXResourcesBuildPhase;
			buildActionMask = 2147483647;
			files = (
			);
			runOnlyForDeploymentPostprocessing = 0;
		};
/* End PBXResourcesBuildPhase section */

/* Begin PBXSourcesBuildPhase section */
		3F598CE125DD807900AFDEDD /* Sources */ = {
			isa = PBXSourcesBuildPhase;
			buildActionMask = 2147483647;
			files = (
				3F598CEB25DD807900AFDEDD /* ContentView.swift in Sources */,
				3F598CE925DD807900AFDEDD /* Programming_JokesApp.swift in Sources */,
			);
			runOnlyForDeploymentPostprocessing = 0;
		};
		3F598CF225DD808200AFDEDD /* Sources */ = {
			isa = PBXSourcesBuildPhase;
			buildActionMask = 2147483647;
			files = (
				3F598CFB25DD808200AFDEDD /* Programming_JokesTests.swift in Sources */,
			);
			runOnlyForDeploymentPostprocessing = 0;
		};
		3F598CFD25DD808200AFDEDD /* Sources */ = {
			isa = PBXSourcesBuildPhase;
			buildActionMask = 2147483647;
			files = (
				3F598D0625DD808200AFDEDD /* Programming_JokesUITests.swift in Sources */,
			);
			runOnlyForDeploymentPostprocessing = 0;
		};
/* End PBXSourcesBuildPhase section */

/* Begin PBXTargetDependency section */
		3F598CF825DD808200AFDEDD /* PBXTargetDependency */ = {
			isa = PBXTargetDependency;
			target = 3F598CE425DD807900AFDEDD /* Programming Jokes */;
			targetProxy = 3F598CF725DD808200AFDEDD /* PBXContainerItemProxy */;
		};
		3F598D0325DD808200AFDEDD /* PBXTargetDependency */ = {
			isa = PBXTargetDependency;
			target = 3F598CE425DD807900AFDEDD /* Programming Jokes */;
			targetProxy = 3F598D0225DD808200AFDEDD /* PBXContainerItemProxy */;
		};
/* End PBXTargetDependency section */

/* Begin XCBuildConfiguration section */
		3F598D0825DD808200AFDEDD /* Debug */ = {
			isa = XCBuildConfiguration;
			buildSettings = {
				ALWAYS_SEARCH_USER_PATHS = NO;
				CLANG_ANALYZER_NONNULL = YES;
				CLANG_ANALYZER_NUMBER_OBJECT_CONVERSION = YES_AGGRESSIVE;
				CLANG_CXX_LANGUAGE_STANDARD = "gnu++14";
				CLANG_CXX_LIBRARY = "libc++";
				CLANG_ENABLE_MODULES = YES;
				CLANG_ENABLE_OBJC_ARC = YES;
				CLANG_ENABLE_OBJC_WEAK = YES;
				CLANG_WARN_BLOCK_CAPTURE_AUTORELEASING = YES;
				CLANG_WARN_BOOL_CONVERSION = YES;
				CLANG_WARN_COMMA = YES;
				CLANG_WARN_CONSTANT_CONVERSION = YES;
				CLANG_WARN_DEPRECATED_OBJC_IMPLEMENTATIONS = YES;
				CLANG_WARN_DIRECT_OBJC_ISA_USAGE = YES_ERROR;
				CLANG_WARN_DOCUMENTATION_COMMENTS = YES;
				CLANG_WARN_EMPTY_BODY = YES;
				CLANG_WARN_ENUM_CONVERSION = YES;
				CLANG_WARN_INFINITE_RECURSION = YES;
				CLANG_WARN_INT_CONVERSION = YES;
				CLANG_WARN_NON_LITERAL_NULL_CONVERSION = YES;
				CLANG_WARN_OBJC_IMPLICIT_RETAIN_SELF = YES;
				CLANG_WARN_OBJC_LITERAL_CONVERSION = YES;
				CLANG_WARN_OBJC_ROOT_CLASS = YES_ERROR;
				CLANG_WARN_QUOTED_INCLUDE_IN_FRAMEWORK_HEADER = YES;
				CLANG_WARN_RANGE_LOOP_ANALYSIS = YES;
				CLANG_WARN_STRICT_PROTOTYPES = YES;
				CLANG_WARN_SUSPICIOUS_MOVE = YES;
				CLANG_WARN_UNGUARDED_AVAILABILITY = YES_AGGRESSIVE;
				CLANG_WARN_UNREACHABLE_CODE = YES;
				CLANG_WARN__DUPLICATE_METHOD_MATCH = YES;
				COPY_PHASE_STRIP = NO;
				DEBUG_INFORMATION_FORMAT = dwarf;
				ENABLE_STRICT_OBJC_MSGSEND = YES;
				ENABLE_TESTABILITY = YES;
				GCC_C_LANGUAGE_STANDARD = gnu11;
				GCC_DYNAMIC_NO_PIC = NO;
				GCC_NO_COMMON_BLOCKS = YES;
				GCC_OPTIMIZATION_LEVEL = 0;
				GCC_PREPROCESSOR_DEFINITIONS = (
					"DEBUG=1",
					"$(inherited)",
				);
				GCC_WARN_64_TO_32_BIT_CONVERSION = YES;
				GCC_WARN_ABOUT_RETURN_TYPE = YES_ERROR;
				GCC_WARN_UNDECLARED_SELECTOR = YES;
				GCC_WARN_UNINITIALIZED_AUTOS = YES_AGGRESSIVE;
				GCC_WARN_UNUSED_FUNCTION = YES;
				GCC_WARN_UNUSED_VARIABLE = YES;
				IPHONEOS_DEPLOYMENT_TARGET = 14.3;
				MTL_ENABLE_DEBUG_INFO = INCLUDE_SOURCE;
				MTL_FAST_MATH = YES;
				ONLY_ACTIVE_ARCH = YES;
				SDKROOT = iphoneos;
				SWIFT_ACTIVE_COMPILATION_CONDITIONS = DEBUG;
				SWIFT_OPTIMIZATION_LEVEL = "-Onone";
			};
			name = Debug;
		};
		3F598D0925DD808200AFDEDD /* Release */ = {
			isa = XCBuildConfiguration;
			buildSettings = {
				ALWAYS_SEARCH_USER_PATHS = NO;
				CLANG_ANALYZER_NONNULL = YES;
				CLANG_ANALYZER_NUMBER_OBJECT_CONVERSION = YES_AGGRESSIVE;
				CLANG_CXX_LANGUAGE_STANDARD = "gnu++14";
				CLANG_CXX_LIBRARY = "libc++";
				CLANG_ENABLE_MODULES = YES;
				CLANG_ENABLE_OBJC_ARC = YES;
				CLANG_ENABLE_OBJC_WEAK = YES;
				CLANG_WARN_BLOCK_CAPTURE_AUTORELEASING = YES;
				CLANG_WARN_BOOL_CONVERSION = YES;
				CLANG_WARN_COMMA = YES;
				CLANG_WARN_CONSTANT_CONVERSION = YES;
				CLANG_WARN_DEPRECATED_OBJC_IMPLEMENTATIONS = YES;
				CLANG_WARN_DIRECT_OBJC_ISA_USAGE = YES_ERROR;
				CLANG_WARN_DOCUMENTATION_COMMENTS = YES;
				CLANG_WARN_EMPTY_BODY = YES;
				CLANG_WARN_ENUM_CONVERSION = YES;
				CLANG_WARN_INFINITE_RECURSION = YES;
				CLANG_WARN_INT_CONVERSION = YES;
				CLANG_WARN_NON_LITERAL_NULL_CONVERSION = YES;
				CLANG_WARN_OBJC_IMPLICIT_RETAIN_SELF = YES;
				CLANG_WARN_OBJC_LITERAL_CONVERSION = YES;
				CLANG_WARN_OBJC_ROOT_CLASS = YES_ERROR;
				CLANG_WARN_QUOTED_INCLUDE_IN_FRAMEWORK_HEADER = YES;
				CLANG_WARN_RANGE_LOOP_ANALYSIS = YES;
				CLANG_WARN_STRICT_PROTOTYPES = YES;
				CLANG_WARN_SUSPICIOUS_MOVE = YES;
				CLANG_WARN_UNGUARDED_AVAILABILITY = YES_AGGRESSIVE;
				CLANG_WARN_UNREACHABLE_CODE = YES;
				CLANG_WARN__DUPLICATE_METHOD_MATCH = YES;
				COPY_PHASE_STRIP = NO;
				DEBUG_INFORMATION_FORMAT = "dwarf-with-dsym";
				ENABLE_NS_ASSERTIONS = NO;
				ENABLE_STRICT_OBJC_MSGSEND = YES;
				GCC_C_LANGUAGE_STANDARD = gnu11;
				GCC_NO_COMMON_BLOCKS = YES;
				GCC_WARN_64_TO_32_BIT_CONVERSION = YES;
				GCC_WARN_ABOUT_RETURN_TYPE = YES_ERROR;
				GCC_WARN_UNDECLARED_SELECTOR = YES;
				GCC_WARN_UNINITIALIZED_AUTOS = YES_AGGRESSIVE;
				GCC_WARN_UNUSED_FUNCTION = YES;
				GCC_WARN_UNUSED_VARIABLE = YES;
				IPHONEOS_DEPLOYMENT_TARGET = 14.3;
				MTL_ENABLE_DEBUG_INFO = NO;
				MTL_FAST_MATH = YES;
				SDKROOT = iphoneos;
				SWIFT_COMPILATION_MODE = wholemodule;
				SWIFT_OPTIMIZATION_LEVEL = "-O";
				VALIDATE_PRODUCT = YES;
			};
			name = Release;
		};
		3F598D0B25DD808200AFDEDD /* Debug */ = {
			isa = XCBuildConfiguration;
			buildSettings = {
				ASSETCATALOG_COMPILER_APPICON_NAME = AppIcon;
				ASSETCATALOG_COMPILER_GLOBAL_ACCENT_COLOR_NAME = AccentColor;
				CODE_SIGN_STYLE = Automatic;
				DEVELOPMENT_ASSET_PATHS = "\"Programming Jokes/Preview Content\"";
				DEVELOPMENT_TEAM = ZYV9QLBU33;
				ENABLE_PREVIEWS = YES;
				INFOPLIST_FILE = "Programming Jokes/Info.plist";
				IPHONEOS_DEPLOYMENT_TARGET = 14.0;
				LD_RUNPATH_SEARCH_PATHS = (
					"$(inherited)",
					"@executable_path/Frameworks",
				);
				PRODUCT_BUNDLE_IDENTIFIER = "SIM.Programming-Jokes";
				PRODUCT_NAME = "$(TARGET_NAME)";
				SWIFT_VERSION = 5.0;
				TARGETED_DEVICE_FAMILY = "1,2";
			};
			name = Debug;
		};
		3F598D0C25DD808200AFDEDD /* Release */ = {
			isa = XCBuildConfiguration;
			buildSettings = {
				ASSETCATALOG_COMPILER_APPICON_NAME = AppIcon;
				ASSETCATALOG_COMPILER_GLOBAL_ACCENT_COLOR_NAME = AccentColor;
				CODE_SIGN_STYLE = Automatic;
				DEVELOPMENT_ASSET_PATHS = "\"Programming Jokes/Preview Content\"";
				DEVELOPMENT_TEAM = ZYV9QLBU33;
				ENABLE_PREVIEWS = YES;
				INFOPLIST_FILE = "Programming Jokes/Info.plist";
				IPHONEOS_DEPLOYMENT_TARGET = 14.0;
				LD_RUNPATH_SEARCH_PATHS = (
					"$(inherited)",
					"@executable_path/Frameworks",
				);
				PRODUCT_BUNDLE_IDENTIFIER = "SIM.Programming-Jokes";
				PRODUCT_NAME = "$(TARGET_NAME)";
				SWIFT_VERSION = 5.0;
				TARGETED_DEVICE_FAMILY = "1,2";
			};
			name = Release;
		};
		3F598D0E25DD808200AFDEDD /* Debug */ = {
			isa = XCBuildConfiguration;
			buildSettings = {
				ALWAYS_EMBED_SWIFT_STANDARD_LIBRARIES = YES;
				BUNDLE_LOADER = "$(TEST_HOST)";
				CODE_SIGN_STYLE = Automatic;
				DEVELOPMENT_TEAM = ZYV9QLBU33;
				INFOPLIST_FILE = "Programming JokesTests/Info.plist";
				IPHONEOS_DEPLOYMENT_TARGET = 14.0;
				LD_RUNPATH_SEARCH_PATHS = (
					"$(inherited)",
					"@executable_path/Frameworks",
					"@loader_path/Frameworks",
				);
				PRODUCT_BUNDLE_IDENTIFIER = "SIM.Programming-JokesTests";
				PRODUCT_NAME = "$(TARGET_NAME)";
				SWIFT_VERSION = 5.0;
				TARGETED_DEVICE_FAMILY = "1,2";
				TEST_HOST = "$(BUILT_PRODUCTS_DIR)/Programming Jokes.app/Programming Jokes";
			};
			name = Debug;
		};
		3F598D0F25DD808200AFDEDD /* Release */ = {
			isa = XCBuildConfiguration;
			buildSettings = {
				ALWAYS_EMBED_SWIFT_STANDARD_LIBRARIES = YES;
				BUNDLE_LOADER = "$(TEST_HOST)";
				CODE_SIGN_STYLE = Automatic;
				DEVELOPMENT_TEAM = ZYV9QLBU33;
				INFOPLIST_FILE = "Programming JokesTests/Info.plist";
				IPHONEOS_DEPLOYMENT_TARGET = 14.0;
				LD_RUNPATH_SEARCH_PATHS = (
					"$(inherited)",
					"@executable_path/Frameworks",
					"@loader_path/Frameworks",
				);
				PRODUCT_BUNDLE_IDENTIFIER = "SIM.Programming-JokesTests";
				PRODUCT_NAME = "$(TARGET_NAME)";
				SWIFT_VERSION = 5.0;
				TARGETED_DEVICE_FAMILY = "1,2";
				TEST_HOST = "$(BUILT_PRODUCTS_DIR)/Programming Jokes.app/Programming Jokes";
			};
			name = Release;
		};
		3F598D1125DD808200AFDEDD /* Debug */ = {
			isa = XCBuildConfiguration;
			buildSettings = {
				ALWAYS_EMBED_SWIFT_STANDARD_LIBRARIES = YES;
				CODE_SIGN_STYLE = Automatic;
				DEVELOPMENT_TEAM = ZYV9QLBU33;
				INFOPLIST_FILE = "Programming JokesUITests/Info.plist";
				LD_RUNPATH_SEARCH_PATHS = (
					"$(inherited)",
					"@executable_path/Frameworks",
					"@loader_path/Frameworks",
				);
				PRODUCT_BUNDLE_IDENTIFIER = "SIM.Programming-JokesUITests";
				PRODUCT_NAME = "$(TARGET_NAME)";
				SWIFT_VERSION = 5.0;
				TARGETED_DEVICE_FAMILY = "1,2";
				TEST_TARGET_NAME = "Programming Jokes";
			};
			name = Debug;
		};
		3F598D1225DD808200AFDEDD /* Release */ = {
			isa = XCBuildConfiguration;
			buildSettings = {
				ALWAYS_EMBED_SWIFT_STANDARD_LIBRARIES = YES;
				CODE_SIGN_STYLE = Automatic;
				DEVELOPMENT_TEAM = ZYV9QLBU33;
				INFOPLIST_FILE = "Programming JokesUITests/Info.plist";
				LD_RUNPATH_SEARCH_PATHS = (
					"$(inherited)",
					"@executable_path/Frameworks",
					"@loader_path/Frameworks",
				);
				PRODUCT_BUNDLE_IDENTIFIER = "SIM.Programming-JokesUITests";
				PRODUCT_NAME = "$(TARGET_NAME)";
				SWIFT_VERSION = 5.0;
				TARGETED_DEVICE_FAMILY = "1,2";
				TEST_TARGET_NAME = "Programming Jokes";
			};
			name = Release;
		};
/* End XCBuildConfiguration section */

/* Begin XCConfigurationList section */
		3F598CE025DD807900AFDEDD /* Build configuration list for PBXProject "Programming Jokes" */ = {
			isa = XCConfigurationList;
			buildConfigurations = (
				3F598D0825DD808200AFDEDD /* Debug */,
				3F598D0925DD808200AFDEDD /* Release */,
			);
			defaultConfigurationIsVisible = 0;
			defaultConfigurationName = Release;
		};
		3F598D0A25DD808200AFDEDD /* Build configuration list for PBXNativeTarget "Programming Jokes" */ = {
			isa = XCConfigurationList;
			buildConfigurations = (
				3F598D0B25DD808200AFDEDD /* Debug */,
				3F598D0C25DD808200AFDEDD /* Release */,
			);
			defaultConfigurationIsVisible = 0;
			defaultConfigurationName = Release;
		};
		3F598D0D25DD808200AFDEDD /* Build configuration list for PBXNativeTarget "Programming JokesTests" */ = {
			isa = XCConfigurationList;
			buildConfigurations = (
				3F598D0E25DD808200AFDEDD /* Debug */,
				3F598D0F25DD808200AFDEDD /* Release */,
			);
			defaultConfigurationIsVisible = 0;
			defaultConfigurationName = Release;
		};
		3F598D1025DD808200AFDEDD /* Build configuration list for PBXNativeTarget "Programming JokesUITests" */ = {
			isa = XCConfigurationList;
			buildConfigurations = (
				3F598D1125DD808200AFDEDD /* Debug */,
				3F598D1225DD808200AFDEDD /* Release */,
			);
			defaultConfigurationIsVisible = 0;
			defaultConfigurationName = Release;
		};
/* End XCConfigurationList section */
	};
	rootObject = 3F598CDD25DD807900AFDEDD /* Project object */;
}
